
Microsoft Visual Studio Solution File, Format Version 12.00
# Visual Studio 15
VisualStudioVersion = 15.0.28307.168
MinimumVisualStudioVersion = 10.0.40219.1
Project("{FAE04EC0-301F-11D3-BF4B-00C04F79EFBC}") = "FreeMe", "FreeMe\FreeMe.csproj", "{5A17785C-86E5-4643-A6F0-45D594E55523}"
EndProject
Global
	GlobalSection(SolutionConfigurationPlatforms) = preSolution
		Debug|Any CPU = Debug|Any CPU
		Release|Any CPU = Release|Any CPU
	EndGlobalSection
	GlobalSection(ProjectConfigurationPlatforms) = postSolution
		{5A17785C-86E5-4643-A6F0-45D594E55523}.Debug|Any CPU.ActiveCfg = Debug|Any CPU
		{5A17785C-86E5-4643-A6F0-45D594E55523}.Debug|Any CPU.Build.0 = Debug|Any CPU
		{5A17785C-86E5-4643-A6F0-45D594E55523}.Release|Any CPU.ActiveCfg = Release|Any CPU
		{5A17785C-86E5-4643-A6F0-45D594E55523}.Release|Any CPU.Build.0 = Release|Any CPU
	EndGlobalSection
	GlobalSection(SolutionProperties) = preSolution
		HideSolutionNode = FALSE
	EndGlobalSection
	GlobalSection(ExtensibilityGlobals) = postSolution
		SolutionGuid = {2116D91F-B8C0-4369-AB66-BF9F40F01996}
	EndGlobalSection
EndGlobal
